
Microsoft Visual Studio Solution File, Format Version 12.00
# Visual Studio Version 17
VisualStudioVersion = 17.7.34031.279
MinimumVisualStudioVersion = 10.0.40219.1
Project("{FAE04EC0-301F-11D3-BF4B-00C04F79EFBC}") = "CSharpNotes", "CSharpNotes\CSharpNotes.csproj", "{EA27C89D-F7CF-43BE-B086-D3E3A57F3D7A}"
EndProject
Global
	GlobalSection(SolutionConfigurationPlatforms) = preSolution
		Debug|Any CPU = Debug|Any CPU
		Release|Any CPU = Release|Any CPU
	EndGlobalSection
	GlobalSection(ProjectConfigurationPlatforms) = postSolution
		{EA27C89D-F7CF-43BE-B086-D3E3A57F3D7A}.Debug|Any CPU.ActiveCfg = Debug|Any CPU
		{EA27C89D-F7CF-43BE-B086-D3E3A57F3D7A}.Debug|Any CPU.Build.0 = Debug|Any CPU
		{EA27C89D-F7CF-43BE-B086-D3E3A57F3D7A}.Release|Any CPU.ActiveCfg = Release|Any CPU
		{EA27C89D-F7CF-43BE-B086-D3E3A57F3D7A}.Release|Any CPU.Build.0 = Release|Any CPU
	EndGlobalSection
	GlobalSection(SolutionProperties) = preSolution
		HideSolutionNode = FALSE
	EndGlobalSection
	GlobalSection(ExtensibilityGlobals) = postSolution
		SolutionGuid = {B4F8C36F-7093-405A-991F-2C7FD427D4B9}
	EndGlobalSection
EndGlobal
